// !$*UTF8*$!
{
	archiveVersion = 1;
	classes = {
	};
	objectVersion = 77;
	objects = {

/* Begin PBXBuildFile section */
		D02C15772F50D74A00E99852 /* Sentry in Frameworks */ = {isa = PBXBuildFile; productRef = D02C15762F50D74A00E99852 /* Sentry */; };
		D0D070052F51C83300722A1C /* Sparkle in Frameworks */ = {isa = PBXBuildFile; productRef = D0D070042F51C83300722A1C /* Sparkle */; };
		D0F04FA12F4F565F00DAB6A7 /* FactoryKit in Frameworks */ = {isa = PBXBuildFile; productRef = D0F04FA02F4F565F00DAB6A7 /* FactoryKit */; };
		D0F04FA32F4F565F00DAB6A7 /* FactoryTesting in Frameworks */ = {isa = PBXBuildFile; productRef = D0F04FA22F4F565F00DAB6A7 /* FactoryTesting */; };
		D0F04FAA2F4F626600DAB6A7 /* Textual in Frameworks */ = {isa = PBXBuildFile; productRef = D0F04FA92F4F626600DAB6A7 /* Textual */; };
/* End PBXBuildFile section */

/* Begin PBXContainerItemProxy section */
		D0F043A92F4F1F1D00DAB6A7 /* PBXContainerItemProxy */ = {
			isa = PBXContainerItemProxy;
			containerPortal = D0F043912F4F1F1B00DAB6A7 /* Project object */;
			proxyType = 1;
			remoteGlobalIDString = D0F043982F4F1F1B00DAB6A7;
			remoteInfo = "mac-copilot";
		};
		D0F043B32F4F1F1D00DAB6A7 /* PBXContainerItemProxy */ = {
			isa = PBXContainerItemProxy;
			containerPortal = D0F043912F4F1F1B00DAB6A7 /* Project object */;
			proxyType = 1;
			remoteGlobalIDString = D0F043982F4F1F1B00DAB6A7;
			remoteInfo = "mac-copilot";
		};
/* End PBXContainerItemProxy section */

/* Begin PBXFileReference section */
		D0F043992F4F1F1B00DAB6A7 /* mac-copilot.app */ = {isa = PBXFileReference; explicitFileType = wrapper.application; includeInIndex = 0; path = "mac-copilot.app"; sourceTree = BUILT_PRODUCTS_DIR; };
		D0F043A82F4F1F1D00DAB6A7 /* mac-copilotTests.xctest */ = {isa = PBXFileReference; explicitFileType = wrapper.cfbundle; includeInIndex = 0; path = "mac-copilotTests.xctest"; sourceTree = BUILT_PRODUCTS_DIR; };
		D0F043B22F4F1F1D00DAB6A7 /* mac-copilotUITests.xctest */ = {isa = PBXFileReference; explicitFileType = wrapper.cfbundle; includeInIndex = 0; path = "mac-copilotUITests.xctest"; sourceTree = BUILT_PRODUCTS_DIR; };
/* End PBXFileReference section */

/* Begin PBXFileSystemSynchronizedRootGroup section */
		D0F0439B2F4F1F1B00DAB6A7 /* mac-copilot */ = {
			isa = PBXFileSystemSynchronizedRootGroup;
			path = "mac-copilot";
			sourceTree = "<group>";
		};
		D0F043AB2F4F1F1D00DAB6A7 /* mac-copilotTests */ = {
			isa = PBXFileSystemSynchronizedRootGroup;
			path = "mac-copilotTests";
			sourceTree = "<group>";
		};
		D0F043B52F4F1F1D00DAB6A7 /* mac-copilotUITests */ = {
			isa = PBXFileSystemSynchronizedRootGroup;
			path = "mac-copilotUITests";
			sourceTree = "<group>";
		};
/* End PBXFileSystemSynchronizedRootGroup section */

/* Begin PBXFrameworksBuildPhase section */
		D0F043962F4F1F1B00DAB6A7 /* Frameworks */ = {
			isa = PBXFrameworksBuildPhase;
			buildActionMask = 2147483647;
			files = (
				D0F04FAA2F4F626600DAB6A7 /* Textual in Frameworks */,
				D0D070052F51C83300722A1C /* Sparkle in Frameworks */,
				D0F04FA12F4F565F00DAB6A7 /* FactoryKit in Frameworks */,
				D02C15772F50D74A00E99852 /* Sentry in Frameworks */,
			);
			runOnlyForDeploymentPostprocessing = 0;
		};
		D0F043A52F4F1F1D00DAB6A7 /* Frameworks */ = {
			isa = PBXFrameworksBuildPhase;
			buildActionMask = 2147483647;
			files = (
				D0F04FA32F4F565F00DAB6A7 /* FactoryTesting in Frameworks */,
			);
			runOnlyForDeploymentPostprocessing = 0;
		};
		D0F043AF2F4F1F1D00DAB6A7 /* Frameworks */ = {
			isa = PBXFrameworksBuildPhase;
			buildActionMask = 2147483647;
			files = (
			);
			runOnlyForDeploymentPostprocessing = 0;
		};
/* End PBXFrameworksBuildPhase section */

/* Begin PBXGroup section */
		D0F043902F4F1F1B00DAB6A7 = {
			isa = PBXGroup;
			children = (
				D0F0439B2F4F1F1B00DAB6A7 /* mac-copilot */,
				D0F043AB2F4F1F1D00DAB6A7 /* mac-copilotTests */,
				D0F043B52F4F1F1D00DAB6A7 /* mac-copilotUITests */,
				D0F0439A2F4F1F1B00DAB6A7 /* Products */,
			);
			sourceTree = "<group>";
		};
		D0F0439A2F4F1F1B00DAB6A7 /* Products */ = {
			isa = PBXGroup;
			children = (
				D0F043992F4F1F1B00DAB6A7 /* mac-copilot.app */,
				D0F043A82F4F1F1D00DAB6A7 /* mac-copilotTests.xctest */,
				D0F043B22F4F1F1D00DAB6A7 /* mac-copilotUITests.xctest */,
			);
			name = Products;
			sourceTree = "<group>";
		};
/* End PBXGroup section */

/* Begin PBXNativeTarget section */
		D0F043982F4F1F1B00DAB6A7 /* mac-copilot */ = {
			isa = PBXNativeTarget;
			buildConfigurationList = D0F043BC2F4F1F1D00DAB6A7 /* Build configuration list for PBXNativeTarget "mac-copilot" */;
			buildPhases = (
				D0F043952F4F1F1B00DAB6A7 /* Sources */,
				D0F043962F4F1F1B00DAB6A7 /* Frameworks */,
				D0F060012F4F1F1B00DAB6A7 /* Bundle Sidecar Runtime */,
				D0F043972F4F1F1B00DAB6A7 /* Resources */,
			);
			buildRules = (
			);
			dependencies = (
			);
			fileSystemSynchronizedGroups = (
				D0F0439B2F4F1F1B00DAB6A7 /* mac-copilot */,
			);
			name = "mac-copilot";
			packageProductDependencies = (
				D0F04FA02F4F565F00DAB6A7 /* FactoryKit */,
				D0F04FA92F4F626600DAB6A7 /* Textual */,
				D02C15762F50D74A00E99852 /* Sentry */,
				D0D070042F51C83300722A1C /* Sparkle */,
			);
			productName = "mac-copilot";
			productReference = D0F043992F4F1F1B00DAB6A7 /* mac-copilot.app */;
			productType = "com.apple.product-type.application";
		};
		D0F043A72F4F1F1D00DAB6A7 /* mac-copilotTests */ = {
			isa = PBXNativeTarget;
			buildConfigurationList = D0F043BF2F4F1F1D00DAB6A7 /* Build configuration list for PBXNativeTarget "mac-copilotTests" */;
			buildPhases = (
				D0F043A42F4F1F1D00DAB6A7 /* Sources */,
				D0F043A52F4F1F1D00DAB6A7 /* Frameworks */,
				D0F043A62F4F1F1D00DAB6A7 /* Resources */,
			);
			buildRules = (
			);
			dependencies = (
				D0F043AA2F4F1F1D00DAB6A7 /* PBXTargetDependency */,
			);
			fileSystemSynchronizedGroups = (
				D0F043AB2F4F1F1D00DAB6A7 /* mac-copilotTests */,
			);
			name = "mac-copilotTests";
			packageProductDependencies = (
				D0F04FA22F4F565F00DAB6A7 /* FactoryTesting */,
			);
			productName = "mac-copilotTests";
			productReference = D0F043A82F4F1F1D00DAB6A7 /* mac-copilotTests.xctest */;
			productType = "com.apple.product-type.bundle.unit-test";
		};
		D0F043B12F4F1F1D00DAB6A7 /* mac-copilotUITests */ = {
			isa = PBXNativeTarget;
			buildConfigurationList = D0F043C22F4F1F1D00DAB6A7 /* Build configuration list for PBXNativeTarget "mac-copilotUITests" */;
			buildPhases = (
				D0F043AE2F4F1F1D00DAB6A7 /* Sources */,
				D0F043AF2F4F1F1D00DAB6A7 /* Frameworks */,
				D0F043B02F4F1F1D00DAB6A7 /* Resources */,
			);
			buildRules = (
			);
			dependencies = (
				D0F043B42F4F1F1D00DAB6A7 /* PBXTargetDependency */,
			);
			fileSystemSynchronizedGroups = (
				D0F043B52F4F1F1D00DAB6A7 /* mac-copilotUITests */,
			);
			name = "mac-copilotUITests";
			packageProductDependencies = (
			);
			productName = "mac-copilotUITests";
			productReference = D0F043B22F4F1F1D00DAB6A7 /* mac-copilotUITests.xctest */;
			productType = "com.apple.product-type.bundle.ui-testing";
		};
/* End PBXNativeTarget section */

/* Begin PBXProject section */
		D0F043912F4F1F1B00DAB6A7 /* Project object */ = {
			isa = PBXProject;
			attributes = {
				BuildIndependentTargetsInParallel = 1;
				LastSwiftUpdateCheck = 2620;
				LastUpgradeCheck = 2620;
				TargetAttributes = {
					D0F043982F4F1F1B00DAB6A7 = {
						CreatedOnToolsVersion = 26.2;
					};
					D0F043A72F4F1F1D00DAB6A7 = {
						CreatedOnToolsVersion = 26.2;
						TestTargetID = D0F043982F4F1F1B00DAB6A7;
					};
					D0F043B12F4F1F1D00DAB6A7 = {
						CreatedOnToolsVersion = 26.2;
						TestTargetID = D0F043982F4F1F1B00DAB6A7;
					};
				};
			};
			buildConfigurationList = D0F043942F4F1F1B00DAB6A7 /* Build configuration list for PBXProject "mac-copilot" */;
			developmentRegion = en;
			hasScannedForEncodings = 0;
			knownRegions = (
				en,
				Base,
			);
			mainGroup = D0F043902F4F1F1B00DAB6A7;
			minimizedProjectReferenceProxies = 1;
			packageReferences = (
				D0F04F9F2F4F565F00DAB6A7 /* XCRemoteSwiftPackageReference "Factory" */,
				D0F04FA82F4F626600DAB6A7 /* XCRemoteSwiftPackageReference "textual" */,
				D02C15752F50D74A00E99852 /* XCRemoteSwiftPackageReference "sentry-cocoa" */,
				D0D070032F51C83300722A1C /* XCRemoteSwiftPackageReference "Sparkle" */,
			);
			preferredProjectObjectVersion = 77;
			productRefGroup = D0F0439A2F4F1F1B00DAB6A7 /* Products */;
			projectDirPath = "";
			projectRoot = "";
			targets = (
				D0F043982F4F1F1B00DAB6A7 /* mac-copilot */,
				D0F043A72F4F1F1D00DAB6A7 /* mac-copilotTests */,
				D0F043B12F4F1F1D00DAB6A7 /* mac-copilotUITests */,
			);
		};
/* End PBXProject section */

/* Begin PBXResourcesBuildPhase section */
		D0F043972F4F1F1B00DAB6A7 /* Resources */ = {
			isa = PBXResourcesBuildPhase;
			buildActionMask = 2147483647;
			files = (
			);
			runOnlyForDeploymentPostprocessing = 0;
		};
		D0F043A62F4F1F1D00DAB6A7 /* Resources */ = {
			isa = PBXResourcesBuildPhase;
			buildActionMask = 2147483647;
			files = (
			);
			runOnlyForDeploymentPostprocessing = 0;
		};
		D0F043B02F4F1F1D00DAB6A7 /* Resources */ = {
			isa = PBXResourcesBuildPhase;
			buildActionMask = 2147483647;
			files = (
			);
			runOnlyForDeploymentPostprocessing = 0;
		};
/* End PBXResourcesBuildPhase section */

/* Begin PBXShellScriptBuildPhase section */
		D0F060012F4F1F1B00DAB6A7 /* Bundle Sidecar Runtime */ = {
			isa = PBXShellScriptBuildPhase;
			buildActionMask = 2147483647;
			files = (
			);
			inputFileListPaths = (
			);
			inputPaths = (
				"$(SRCROOT)/sidecar/dist/index.js",
				"$(SRCROOT)/sidecar/package.json",
				"$(SRCROOT)/scripts/copy_sidecar_runtime.sh",
			);
			name = "Bundle Sidecar Runtime";
			outputFileListPaths = (
			);
			outputPaths = (
				"$(TARGET_BUILD_DIR)/$(UNLOCALIZED_RESOURCES_FOLDER_PATH)/node",
				"$(TARGET_BUILD_DIR)/$(UNLOCALIZED_RESOURCES_FOLDER_PATH)/sidecar/dist/index.js",
			);
			runOnlyForDeploymentPostprocessing = 0;
			shellPath = /bin/sh;
			shellScript = "if [ -f \"$SRCROOT/scripts/copy_sidecar_runtime.sh\" ]; then\n  /bin/sh \"$SRCROOT/scripts/copy_sidecar_runtime.sh\"\nelse\n  echo \"error: Missing build script at $SRCROOT/scripts/copy_sidecar_runtime.sh\"\n  exit 1\nfi\n";
		};
/* End PBXShellScriptBuildPhase section */

/* Begin PBXSourcesBuildPhase section */
		D0F043952F4F1F1B00DAB6A7 /* Sources */ = {
			isa = PBXSourcesBuildPhase;
			buildActionMask = 2147483647;
			files = (
			);
			runOnlyForDeploymentPostprocessing = 0;
		};
		D0F043A42F4F1F1D00DAB6A7 /* Sources */ = {
			isa = PBXSourcesBuildPhase;
			buildActionMask = 2147483647;
			files = (
			);
			runOnlyForDeploymentPostprocessing = 0;
		};
		D0F043AE2F4F1F1D00DAB6A7 /* Sources */ = {
			isa = PBXSourcesBuildPhase;
			buildActionMask = 2147483647;
			files = (
			);
			runOnlyForDeploymentPostprocessing = 0;
		};
/* End PBXSourcesBuildPhase section */

/* Begin PBXTargetDependency section */
		D0F043AA2F4F1F1D00DAB6A7 /* PBXTargetDependency */ = {
			isa = PBXTargetDependency;
			target = D0F043982F4F1F1B00DAB6A7 /* mac-copilot */;
			targetProxy = D0F043A92F4F1F1D00DAB6A7 /* PBXContainerItemProxy */;
		};
		D0F043B42F4F1F1D00DAB6A7 /* PBXTargetDependency */ = {
			isa = PBXTargetDependency;
			target = D0F043982F4F1F1B00DAB6A7 /* mac-copilot */;
			targetProxy = D0F043B32F4F1F1D00DAB6A7 /* PBXContainerItemProxy */;
		};
/* End PBXTargetDependency section */

/* Begin XCBuildConfiguration section */
		D0F043BA2F4F1F1D00DAB6A7 /* Debug */ = {
			isa = XCBuildConfiguration;
			buildSettings = {
				ALWAYS_SEARCH_USER_PATHS = NO;
				ASSETCATALOG_COMPILER_GENERATE_SWIFT_ASSET_SYMBOL_EXTENSIONS = YES;
				CLANG_ANALYZER_NONNULL = YES;
				CLANG_ANALYZER_NUMBER_OBJECT_CONVERSION = YES_AGGRESSIVE;
				CLANG_CXX_LANGUAGE_STANDARD = "gnu++20";
				CLANG_ENABLE_MODULES = YES;
				CLANG_ENABLE_OBJC_ARC = YES;
				CLANG_ENABLE_OBJC_WEAK = YES;
				CLANG_WARN_BLOCK_CAPTURE_AUTORELEASING = YES;
				CLANG_WARN_BOOL_CONVERSION = YES;
				CLANG_WARN_COMMA = YES;
				CLANG_WARN_CONSTANT_CONVERSION = YES;
				CLANG_WARN_DEPRECATED_OBJC_IMPLEMENTATIONS = YES;
				CLANG_WARN_DIRECT_OBJC_ISA_USAGE = YES_ERROR;
				CLANG_WARN_DOCUMENTATION_COMMENTS = YES;
				CLANG_WARN_EMPTY_BODY = YES;
				CLANG_WARN_ENUM_CONVERSION = YES;
				CLANG_WARN_INFINITE_RECURSION = YES;
				CLANG_WARN_INT_CONVERSION = YES;
				CLANG_WARN_NON_LITERAL_NULL_CONVERSION = YES;
				CLANG_WARN_OBJC_IMPLICIT_RETAIN_SELF = YES;
				CLANG_WARN_OBJC_LITERAL_CONVERSION = YES;
				CLANG_WARN_OBJC_ROOT_CLASS = YES_ERROR;
				CLANG_WARN_QUOTED_INCLUDE_IN_FRAMEWORK_HEADER = YES;
				CLANG_WARN_RANGE_LOOP_ANALYSIS = YES;
				CLANG_WARN_STRICT_PROTOTYPES = YES;
				CLANG_WARN_SUSPICIOUS_MOVE = YES;
				CLANG_WARN_UNGUARDED_AVAILABILITY = YES_AGGRESSIVE;
				CLANG_WARN_UNREACHABLE_CODE = YES;
				CLANG_WARN__DUPLICATE_METHOD_MATCH = YES;
				COPY_PHASE_STRIP = NO;
				DEBUG_INFORMATION_FORMAT = dwarf;
				DEVELOPMENT_TEAM = 8FS5PCAXWW;
				ENABLE_STRICT_OBJC_MSGSEND = YES;
				ENABLE_TESTABILITY = YES;
				ENABLE_USER_SCRIPT_SANDBOXING = YES;
				GCC_C_LANGUAGE_STANDARD = gnu17;
				GCC_DYNAMIC_NO_PIC = NO;
				GCC_NO_COMMON_BLOCKS = YES;
				GCC_OPTIMIZATION_LEVEL = 0;
				GCC_PREPROCESSOR_DEFINITIONS = (
					"DEBUG=1",
					"$(inherited)",
				);
				GCC_WARN_64_TO_32_BIT_CONVERSION = YES;
				GCC_WARN_ABOUT_RETURN_TYPE = YES_ERROR;
				GCC_WARN_UNDECLARED_SELECTOR = YES;
				GCC_WARN_UNINITIALIZED_AUTOS = YES_AGGRESSIVE;
				GCC_WARN_UNUSED_FUNCTION = YES;
				GCC_WARN_UNUSED_VARIABLE = YES;
				LOCALIZATION_PREFERS_STRING_CATALOGS = YES;
				MACOSX_DEPLOYMENT_TARGET = 26.2;
				MTL_ENABLE_DEBUG_INFO = INCLUDE_SOURCE;
				MTL_FAST_MATH = YES;
				ONLY_ACTIVE_ARCH = YES;
				SDKROOT = macosx;
				SWIFT_ACTIVE_COMPILATION_CONDITIONS = "DEBUG $(inherited)";
				SWIFT_OPTIMIZATION_LEVEL = "-Onone";
			};
			name = Debug;
		};
		D0F043BB2F4F1F1D00DAB6A7 /* Release */ = {
			isa = XCBuildConfiguration;
			buildSettings = {
				ALWAYS_SEARCH_USER_PATHS = NO;
				ASSETCATALOG_COMPILER_GENERATE_SWIFT_ASSET_SYMBOL_EXTENSIONS = YES;
				CLANG_ANALYZER_NONNULL = YES;
				CLANG_ANALYZER_NUMBER_OBJECT_CONVERSION = YES_AGGRESSIVE;
				CLANG_CXX_LANGUAGE_STANDARD = "gnu++20";
				CLANG_ENABLE_MODULES = YES;
				CLANG_ENABLE_OBJC_ARC = YES;
				CLANG_ENABLE_OBJC_WEAK = YES;
				CLANG_WARN_BLOCK_CAPTURE_AUTORELEASING = YES;
				CLANG_WARN_BOOL_CONVERSION = YES;
				CLANG_WARN_COMMA = YES;
				CLANG_WARN_CONSTANT_CONVERSION = YES;
				CLANG_WARN_DEPRECATED_OBJC_IMPLEMENTATIONS = YES;
				CLANG_WARN_DIRECT_OBJC_ISA_USAGE = YES_ERROR;
				CLANG_WARN_DOCUMENTATION_COMMENTS = YES;
				CLANG_WARN_EMPTY_BODY = YES;
				CLANG_WARN_ENUM_CONVERSION = YES;
				CLANG_WARN_INFINITE_RECURSION = YES;
				CLANG_WARN_INT_CONVERSION = YES;
				CLANG_WARN_NON_LITERAL_NULL_CONVERSION = YES;
				CLANG_WARN_OBJC_IMPLICIT_RETAIN_SELF = YES;
				CLANG_WARN_OBJC_LITERAL_CONVERSION = YES;
				CLANG_WARN_OBJC_ROOT_CLASS = YES_ERROR;
				CLANG_WARN_QUOTED_INCLUDE_IN_FRAMEWORK_HEADER = YES;
				CLANG_WARN_RANGE_LOOP_ANALYSIS = YES;
				CLANG_WARN_STRICT_PROTOTYPES = YES;
				CLANG_WARN_SUSPICIOUS_MOVE = YES;
				CLANG_WARN_UNGUARDED_AVAILABILITY = YES_AGGRESSIVE;
				CLANG_WARN_UNREACHABLE_CODE = YES;
				CLANG_WARN__DUPLICATE_METHOD_MATCH = YES;
				COPY_PHASE_STRIP = NO;
				DEBUG_INFORMATION_FORMAT = "dwarf-with-dsym";
				DEVELOPMENT_TEAM = 8FS5PCAXWW;
				ENABLE_NS_ASSERTIONS = NO;
				ENABLE_STRICT_OBJC_MSGSEND = YES;
				ENABLE_USER_SCRIPT_SANDBOXING = YES;
				GCC_C_LANGUAGE_STANDARD = gnu17;
				GCC_NO_COMMON_BLOCKS = YES;
				GCC_WARN_64_TO_32_BIT_CONVERSION = YES;
				GCC_WARN_ABOUT_RETURN_TYPE = YES_ERROR;
				GCC_WARN_UNDECLARED_SELECTOR = YES;
				GCC_WARN_UNINITIALIZED_AUTOS = YES_AGGRESSIVE;
				GCC_WARN_UNUSED_FUNCTION = YES;
				GCC_WARN_UNUSED_VARIABLE = YES;
				LOCALIZATION_PREFERS_STRING_CATALOGS = YES;
				MACOSX_DEPLOYMENT_TARGET = 26.2;
				MTL_ENABLE_DEBUG_INFO = NO;
				MTL_FAST_MATH = YES;
				SDKROOT = macosx;
				SWIFT_COMPILATION_MODE = wholemodule;
			};
			name = Release;
		};
		D0F043BD2F4F1F1D00DAB6A7 /* Debug */ = {
			isa = XCBuildConfiguration;
			buildSettings = {
				ASSETCATALOG_COMPILER_APPICON_NAME = AppIcon;
				ASSETCATALOG_COMPILER_GLOBAL_ACCENT_COLOR_NAME = AccentColor;
				CODE_SIGN_STYLE = Automatic;
				COMBINE_HIDPI_IMAGES = YES;
				CURRENT_PROJECT_VERSION = 1;
				DEVELOPMENT_TEAM = 8FS5PCAXWW;
				ENABLE_APP_SANDBOX = NO;
				ENABLE_HARDENED_RUNTIME = YES;
				ENABLE_PREVIEWS = YES;
				ENABLE_USER_SCRIPT_SANDBOXING = NO;
				ENABLE_USER_SELECTED_FILES = readonly;
				GENERATE_INFOPLIST_FILE = YES;
				INFOPLIST_KEY_GITHUB_OAUTH_CLIENT_ID = "$(COPILOTFORGE_GITHUB_CLIENT_ID)";
				INFOPLIST_KEY_NSHumanReadableCopyright = "";
				INFOPLIST_KEY_SENTRY_DSN = "$(SENTRY_DSN)";
				INFOPLIST_KEY_SUFeedURL = "$(SPARKLE_APPCAST_URL)";
				INFOPLIST_KEY_SUPublicEDKey = "$(SPARKLE_PUBLIC_ED_KEY)";
				LD_RUNPATH_SEARCH_PATHS = (
					"$(inherited)",
					"@executable_path/../Frameworks",
				);
				LIBRARY_SEARCH_PATHS = (
					"$(inherited)",
					"$(PROJECT_DIR)/sidecar/node_modules/@github/copilot/clipboard/node_modules/@teddyzhu/clipboard-darwin-arm64",
					"$(PROJECT_DIR)/sidecar/node_modules/@github/copilot/clipboard/node_modules/@teddyzhu/clipboard-darwin-x64",
				);
				MARKETING_VERSION = 1.0;
				PRODUCT_BUNDLE_IDENTIFIER = "co.uk.appwebdev.mac-copilot";
				PRODUCT_NAME = "$(TARGET_NAME)";
				REGISTER_APP_GROUPS = YES;
				STRING_CATALOG_GENERATE_SYMBOLS = YES;
				SWIFT_APPROACHABLE_CONCURRENCY = YES;
				SWIFT_DEFAULT_ACTOR_ISOLATION = MainActor;
				SWIFT_EMIT_LOC_STRINGS = YES;
				SWIFT_UPCOMING_FEATURE_MEMBER_IMPORT_VISIBILITY = YES;
				SWIFT_VERSION = 5.0;
			};
			name = Debug;
		};
		D0F043BE2F4F1F1D00DAB6A7 /* Release */ = {
			isa = XCBuildConfiguration;
			buildSettings = {
				ASSETCATALOG_COMPILER_APPICON_NAME = AppIcon;
				ASSETCATALOG_COMPILER_GLOBAL_ACCENT_COLOR_NAME = AccentColor;
				CODE_SIGN_STYLE = Automatic;
				COMBINE_HIDPI_IMAGES = YES;
				CURRENT_PROJECT_VERSION = 1;
				DEVELOPMENT_TEAM = 8FS5PCAXWW;
				ENABLE_APP_SANDBOX = YES;
				ENABLE_HARDENED_RUNTIME = YES;
				ENABLE_PREVIEWS = YES;
				ENABLE_USER_SCRIPT_SANDBOXING = NO;
				ENABLE_USER_SELECTED_FILES = readonly;
				GENERATE_INFOPLIST_FILE = YES;
				INFOPLIST_KEY_GITHUB_OAUTH_CLIENT_ID = "$(COPILOTFORGE_GITHUB_CLIENT_ID)";
				INFOPLIST_KEY_NSHumanReadableCopyright = "";
				INFOPLIST_KEY_SENTRY_DSN = "$(SENTRY_DSN)";
				INFOPLIST_KEY_SUFeedURL = "$(SPARKLE_APPCAST_URL)";
				INFOPLIST_KEY_SUPublicEDKey = "$(SPARKLE_PUBLIC_ED_KEY)";
				LD_RUNPATH_SEARCH_PATHS = (
					"$(inherited)",
					"@executable_path/../Frameworks",
				);
				LIBRARY_SEARCH_PATHS = (
					"$(inherited)",
					"$(PROJECT_DIR)/sidecar/node_modules/@github/copilot/clipboard/node_modules/@teddyzhu/clipboard-darwin-arm64",
					"$(PROJECT_DIR)/sidecar/node_modules/@github/copilot/clipboard/node_modules/@teddyzhu/clipboard-darwin-x64",
				);
				MARKETING_VERSION = 1.0;
				PRODUCT_BUNDLE_IDENTIFIER = "co.uk.appwebdev.mac-copilot";
				PRODUCT_NAME = "$(TARGET_NAME)";
				REGISTER_APP_GROUPS = YES;
				STRING_CATALOG_GENERATE_SYMBOLS = YES;
				SWIFT_APPROACHABLE_CONCURRENCY = YES;
				SWIFT_DEFAULT_ACTOR_ISOLATION = MainActor;
				SWIFT_EMIT_LOC_STRINGS = YES;
				SWIFT_UPCOMING_FEATURE_MEMBER_IMPORT_VISIBILITY = YES;
				SWIFT_VERSION = 5.0;
			};
			name = Release;
		};
		D0F043C02F4F1F1D00DAB6A7 /* Debug */ = {
			isa = XCBuildConfiguration;
			buildSettings = {
				BUNDLE_LOADER = "$(TEST_HOST)";
				CODE_SIGN_STYLE = Automatic;
				CURRENT_PROJECT_VERSION = 1;
				DEVELOPMENT_TEAM = 8FS5PCAXWW;
				GENERATE_INFOPLIST_FILE = YES;
				MACOSX_DEPLOYMENT_TARGET = 26.2;
				MARKETING_VERSION = 1.0;
				PRODUCT_BUNDLE_IDENTIFIER = "co.uk.appwebdev.mac-copilotTests";
				PRODUCT_NAME = "$(TARGET_NAME)";
				STRING_CATALOG_GENERATE_SYMBOLS = NO;
				SWIFT_APPROACHABLE_CONCURRENCY = YES;
				SWIFT_EMIT_LOC_STRINGS = NO;
				SWIFT_UPCOMING_FEATURE_MEMBER_IMPORT_VISIBILITY = YES;
				SWIFT_VERSION = 5.0;
				TEST_HOST = "$(BUILT_PRODUCTS_DIR)/mac-copilot.app/$(BUNDLE_EXECUTABLE_FOLDER_PATH)/mac-copilot";
			};
			name = Debug;
		};
		D0F043C12F4F1F1D00DAB6A7 /* Release */ = {
			isa = XCBuildConfiguration;
			buildSettings = {
				BUNDLE_LOADER = "$(TEST_HOST)";
				CODE_SIGN_STYLE = Automatic;
				CURRENT_PROJECT_VERSION = 1;
				DEVELOPMENT_TEAM = 8FS5PCAXWW;
				GENERATE_INFOPLIST_FILE = YES;
				MACOSX_DEPLOYMENT_TARGET = 26.2;
				MARKETING_VERSION = 1.0;
				PRODUCT_BUNDLE_IDENTIFIER = "co.uk.appwebdev.mac-copilotTests";
				PRODUCT_NAME = "$(TARGET_NAME)";
				STRING_CATALOG_GENERATE_SYMBOLS = NO;
				SWIFT_APPROACHABLE_CONCURRENCY = YES;
				SWIFT_EMIT_LOC_STRINGS = NO;
				SWIFT_UPCOMING_FEATURE_MEMBER_IMPORT_VISIBILITY = YES;
				SWIFT_VERSION = 5.0;
				TEST_HOST = "$(BUILT_PRODUCTS_DIR)/mac-copilot.app/$(BUNDLE_EXECUTABLE_FOLDER_PATH)/mac-copilot";
			};
			name = Release;
		};
		D0F043C32F4F1F1D00DAB6A7 /* Debug */ = {
			isa = XCBuildConfiguration;
			buildSettings = {
				CODE_SIGN_STYLE = Automatic;
				CURRENT_PROJECT_VERSION = 1;
				DEVELOPMENT_TEAM = 8FS5PCAXWW;
				GENERATE_INFOPLIST_FILE = YES;
				MARKETING_VERSION = 1.0;
				PRODUCT_BUNDLE_IDENTIFIER = "co.uk.appwebdev.mac-copilotUITests";
				PRODUCT_NAME = "$(TARGET_NAME)";
				STRING_CATALOG_GENERATE_SYMBOLS = NO;
				SWIFT_APPROACHABLE_CONCURRENCY = YES;
				SWIFT_EMIT_LOC_STRINGS = NO;
				SWIFT_UPCOMING_FEATURE_MEMBER_IMPORT_VISIBILITY = YES;
				SWIFT_VERSION = 5.0;
				TEST_TARGET_NAME = "mac-copilot";
			};
			name = Debug;
		};
		D0F043C42F4F1F1D00DAB6A7 /* Release */ = {
			isa = XCBuildConfiguration;
			buildSettings = {
				CODE_SIGN_STYLE = Automatic;
				CURRENT_PROJECT_VERSION = 1;
				DEVELOPMENT_TEAM = 8FS5PCAXWW;
				GENERATE_INFOPLIST_FILE = YES;
				MARKETING_VERSION = 1.0;
				PRODUCT_BUNDLE_IDENTIFIER = "co.uk.appwebdev.mac-copilotUITests";
				PRODUCT_NAME = "$(TARGET_NAME)";
				STRING_CATALOG_GENERATE_SYMBOLS = NO;
				SWIFT_APPROACHABLE_CONCURRENCY = YES;
				SWIFT_EMIT_LOC_STRINGS = NO;
				SWIFT_UPCOMING_FEATURE_MEMBER_IMPORT_VISIBILITY = YES;
				SWIFT_VERSION = 5.0;
				TEST_TARGET_NAME = "mac-copilot";
			};
			name = Release;
		};
/* End XCBuildConfiguration section */

/* Begin XCConfigurationList section */
		D0F043942F4F1F1B00DAB6A7 /* Build configuration list for PBXProject "mac-copilot" */ = {
			isa = XCConfigurationList;
			buildConfigurations = (
				D0F043BA2F4F1F1D00DAB6A7 /* Debug */,
				D0F043BB2F4F1F1D00DAB6A7 /* Release */,
			);
			defaultConfigurationIsVisible = 0;
			defaultConfigurationName = Release;
		};
		D0F043BC2F4F1F1D00DAB6A7 /* Build configuration list for PBXNativeTarget "mac-copilot" */ = {
			isa = XCConfigurationList;
			buildConfigurations = (
				D0F043BD2F4F1F1D00DAB6A7 /* Debug */,
				D0F043BE2F4F1F1D00DAB6A7 /* Release */,
			);
			defaultConfigurationIsVisible = 0;
			defaultConfigurationName = Release;
		};
		D0F043BF2F4F1F1D00DAB6A7 /* Build configuration list for PBXNativeTarget "mac-copilotTests" */ = {
			isa = XCConfigurationList;
			buildConfigurations = (
				D0F043C02F4F1F1D00DAB6A7 /* Debug */,
				D0F043C12F4F1F1D00DAB6A7 /* Release */,
			);
			defaultConfigurationIsVisible = 0;
			defaultConfigurationName = Release;
		};
		D0F043C22F4F1F1D00DAB6A7 /* Build configuration list for PBXNativeTarget "mac-copilotUITests" */ = {
			isa = XCConfigurationList;
			buildConfigurations = (
				D0F043C32F4F1F1D00DAB6A7 /* Debug */,
				D0F043C42F4F1F1D00DAB6A7 /* Release */,
			);
			defaultConfigurationIsVisible = 0;
			defaultConfigurationName = Release;
		};
/* End XCConfigurationList section */

/* Begin XCRemoteSwiftPackageReference section */
		D02C15752F50D74A00E99852 /* XCRemoteSwiftPackageReference "sentry-cocoa" */ = {
			isa = XCRemoteSwiftPackageReference;
			repositoryURL = "https://github.com/getsentry/sentry-cocoa";
			requirement = {
				kind = upToNextMajorVersion;
				minimumVersion = 9.5.1;
			};
		};
		D0D070032F51C83300722A1C /* XCRemoteSwiftPackageReference "Sparkle" */ = {
			isa = XCRemoteSwiftPackageReference;
			repositoryURL = "https://github.com/sparkle-project/Sparkle";
			requirement = {
				kind = upToNextMajorVersion;
				minimumVersion = 2.9.0;
			};
		};
		D0F04F9F2F4F565F00DAB6A7 /* XCRemoteSwiftPackageReference "Factory" */ = {
			isa = XCRemoteSwiftPackageReference;
			repositoryURL = "https://github.com/hmlongco/Factory";
			requirement = {
				kind = upToNextMajorVersion;
				minimumVersion = 2.5.3;
			};
		};
		D0F04FA82F4F626600DAB6A7 /* XCRemoteSwiftPackageReference "textual" */ = {
			isa = XCRemoteSwiftPackageReference;
			repositoryURL = "https://github.com/gonzalezreal/textual";
			requirement = {
				kind = upToNextMajorVersion;
				minimumVersion = 0.3.1;
			};
		};
/* End XCRemoteSwiftPackageReference section */

/* Begin XCSwiftPackageProductDependency section */
		D02C15762F50D74A00E99852 /* Sentry */ = {
			isa = XCSwiftPackageProductDependency;
			package = D02C15752F50D74A00E99852 /* XCRemoteSwiftPackageReference "sentry-cocoa" */;
			productName = Sentry;
		};
		D0D070042F51C83300722A1C /* Sparkle */ = {
			isa = XCSwiftPackageProductDependency;
			package = D0D070032F51C83300722A1C /* XCRemoteSwiftPackageReference "Sparkle" */;
			productName = Sparkle;
		};
		D0F04FA02F4F565F00DAB6A7 /* FactoryKit */ = {
			isa = XCSwiftPackageProductDependency;
			package = D0F04F9F2F4F565F00DAB6A7 /* XCRemoteSwiftPackageReference "Factory" */;
			productName = FactoryKit;
		};
		D0F04FA22F4F565F00DAB6A7 /* FactoryTesting */ = {
			isa = XCSwiftPackageProductDependency;
			package = D0F04F9F2F4F565F00DAB6A7 /* XCRemoteSwiftPackageReference "Factory" */;
			productName = FactoryTesting;
		};
		D0F04FA92F4F626600DAB6A7 /* Textual */ = {
			isa = XCSwiftPackageProductDependency;
			package = D0F04FA82F4F626600DAB6A7 /* XCRemoteSwiftPackageReference "textual" */;
			productName = Textual;
		};
/* End XCSwiftPackageProductDependency section */
	};
	rootObject = D0F043912F4F1F1B00DAB6A7 /* Project object */;
}
